{
  "requires": true,
  "lockfileVersion": 1,
  "dependencies": {
    "vue-waterfall-easy": {
      "version": "2.4.4",
      "resolved": "https://registry.npm.taobao.org/vue-waterfall-easy/download/vue-waterfall-easy-2.4.4.tgz",
      "integrity": "sha1-qZDvP39+uI3txe9A4GTE5okI6Ew=",
      "dev": true
    }
  }
}
