{
  "requires": true,
  "lockfileVersion": 1,
  "dependencies": {
    "@babel/runtime": {
      "version": "7.13.10",
      "resolved": "https://registry.npm.taobao.org/@babel/runtime/download/@babel/runtime-7.13.10.tgz",
      "integrity": "sha1-R9QqV7YJX0Ro2kQDiP262L6/DX0=",
      "requires": {
        "regenerator-runtime": "^0.13.4"
      }
    },
    "@popperjs/core": {
      "version": "2.9.2",
      "resolved": "https://registry.npm.taobao.org/@popperjs/core/download/@popperjs/core-2.9.2.tgz?cache=0&sync_timestamp=1617291042068&other_urls=https%3A%2F%2Fregistry.npm.taobao.org%2F%40popperjs%2Fcore%2Fdownload%2F%40popperjs%2Fcore-2.9.2.tgz",
      "integrity": "sha1-rep7aVPLs0ZRdmsFSEaOdDxqI1M="
    },
    "@vant/icons": {
      "version": "1.5.3",
      "resolved": "https://registry.npm.taobao.org/@vant/icons/download/@vant/icons-1.5.3.tgz?cache=0&sync_timestamp=1614001796365&other_urls=https%3A%2F%2Fregistry.npm.taobao.org%2F%40vant%2Ficons%2Fdownload%2F%40vant%2Ficons-1.5.3.tgz",
      "integrity": "sha1-t3efZ79gjUF6gkUvvt5AbfpGtDk="
    },
    "@vant/lazyload": {
      "version": "1.1.0",
      "resolved": "https://registry.npm.taobao.org/@vant/lazyload/download/@vant/lazyload-1.1.0.tgz",
      "integrity": "sha1-m3Qt+X5qEZ1OK8kJbWuaVXDUwQw="
    },
    "@vant/popperjs": {
      "version": "1.1.0",
      "resolved": "https://registry.npm.taobao.org/@vant/popperjs/download/@vant/popperjs-1.1.0.tgz?cache=0&sync_timestamp=1617713442527&other_urls=https%3A%2F%2Fregistry.npm.taobao.org%2F%40vant%2Fpopperjs%2Fdownload%2F%40vant%2Fpopperjs-1.1.0.tgz",
      "integrity": "sha1-tO3uW7+m+xhwWYbjE9T9XxeUKg8=",
      "requires": {
        "@popperjs/core": "^2.9.2"
      }
    },
    "@vant/use": {
      "version": "1.1.0",
      "resolved": "https://registry.npm.taobao.org/@vant/use/download/@vant/use-1.1.0.tgz",
      "integrity": "sha1-8492XbNkAWmTENddMjRA5dj0JnQ=",
      "requires": {
        "@babel/runtime": "7.x"
      }
    },
    "regenerator-runtime": {
      "version": "0.13.7",
      "resolved": "https://registry.npm.taobao.org/regenerator-runtime/download/regenerator-runtime-0.13.7.tgz",
      "integrity": "sha1-ysLazIoepnX+qrrriugziYrkb1U="
    },
    "vant": {
      "version": "3.0.12",
      "resolved": "https://registry.npm.taobao.org/vant/download/vant-3.0.12.tgz",
      "integrity": "sha1-5QiACKEJDHl4mw4FUsaYyBeLWro=",
      "requires": {
        "@babel/runtime": "7.x",
        "@vant/icons": "^1.5.3",
        "@vant/lazyload": "^1.0.4",
        "@vant/popperjs": "^1.0.4",
        "@vant/use": "^1.0.5"
      }
    },
    "vue-waterfall-easy": {
      "version": "2.4.4",
      "resolved": "https://registry.npm.taobao.org/vue-waterfall-easy/download/vue-waterfall-easy-2.4.4.tgz",
      "integrity": "sha1-qZDvP39+uI3txe9A4GTE5okI6Ew="
    }
  }
}
